# This file is generated by running "yarn install" inside your project.
# Manual changes might be lost - proceed with caution!

__metadata:
  version: 8
  cacheKey: 10c0

"@oxlint/binding-android-arm-eabi@npm:1.56.0":
  version: 1.56.0
  resolution: "@oxlint/binding-android-arm-eabi@npm:1.56.0"
  conditions: os=android & cpu=arm
  languageName: node
  linkType: hard

"@oxlint/binding-android-arm64@npm:1.56.0":
  version: 1.56.0
  resolution: "@oxlint/binding-android-arm64@npm:1.56.0"
  conditions: os=android & cpu=arm64
  languageName: node
  linkType: hard

"@oxlint/binding-darwin-arm64@npm:1.56.0":
  version: 1.56.0
  resolution: "@oxlint/binding-darwin-arm64@npm:1.56.0"
  conditions: os=darwin & cpu=arm64
  languageName: node
  linkType: hard

"@oxlint/binding-darwin-x64@npm:1.56.0":
  version: 1.56.0
  resolution: "@oxlint/binding-darwin-x64@npm:1.56.0"
  conditions: os=darwin & cpu=x64
  languageName: node
  linkType: hard

"@oxlint/binding-freebsd-x64@npm:1.56.0":
  version: 1.56.0
  resolution: "@oxlint/binding-freebsd-x64@npm:1.56.0"
  conditions: os=freebsd & cpu=x64
  languageName: node
  linkType: hard

"@oxlint/binding-linux-arm-gnueabihf@npm:1.56.0":
  version: 1.56.0
  resolution: "@oxlint/binding-linux-arm-gnueabihf@npm:1.56.0"
  conditions: os=linux & cpu=arm
  languageName: node
  linkType: hard

"@oxlint/binding-linux-arm-musleabihf@npm:1.56.0":
  version: 1.56.0
  resolution: "@oxlint/binding-linux-arm-musleabihf@npm:1.56.0"
  conditions: os=linux & cpu=arm
  languageName: node
  linkType: hard

"@oxlint/binding-linux-arm64-gnu@npm:1.56.0":
  version: 1.56.0
  resolution: "@oxlint/binding-linux-arm64-gnu@npm:1.56.0"
  conditions: os=linux & cpu=arm64 & libc=glibc
  languageName: node
  linkType: hard

"@oxlint/binding-linux-arm64-musl@npm:1.56.0":
  version: 1.56.0
  resolution: "@oxlint/binding-linux-arm64-musl@npm:1.56.0"
  conditions: os=linux & cpu=arm64 & libc=musl
  languageName: node
  linkType: hard

"@oxlint/binding-linux-ppc64-gnu@npm:1.56.0":
  version: 1.56.0
  resolution: "@oxlint/binding-linux-ppc64-gnu@npm:1.56.0"
  conditions: os=linux & cpu=ppc64 & libc=glibc
  languageName: node
  linkType: hard

"@oxlint/binding-linux-riscv64-gnu@npm:1.56.0":
  version: 1.56.0
  resolution: "@oxlint/binding-linux-riscv64-gnu@npm:1.56.0"
  conditions: os=linux & cpu=riscv64 & libc=glibc
  languageName: node
  linkType: hard

"@oxlint/binding-linux-riscv64-musl@npm:1.56.0":
  version: 1.56.0
  resolution: "@oxlint/binding-linux-riscv64-musl@npm:1.56.0"
  conditions: os=linux & cpu=riscv64 & libc=musl
  languageName: node
  linkType: hard

"@oxlint/binding-linux-s390x-gnu@npm:1.56.0":
  version: 1.56.0
  resolution: "@oxlint/binding-linux-s390x-gnu@npm:1.56.0"
  conditions: os=linux & cpu=s390x & libc=glibc
  languageName: node
  linkType: hard

"@oxlint/binding-linux-x64-gnu@npm:1.56.0":
  version: 1.56.0
  resolution: "@oxlint/binding-linux-x64-gnu@npm:1.56.0"
  conditions: os=linux & cpu=x64 & libc=glibc
  languageName: node
  linkType: hard

"@oxlint/binding-linux-x64-musl@npm:1.56.0":
  version: 1.56.0
  resolution: "@oxlint/binding-linux-x64-musl@npm:1.56.0"
  conditions: os=linux & cpu=x64 & libc=musl
  languageName: node
  linkType: hard

"@oxlint/binding-openharmony-arm64@npm:1.56.0":
  version: 1.56.0
  resolution: "@oxlint/binding-openharmony-arm64@npm:1.56.0"
  conditions: os=openharmony & cpu=arm64
  languageName: node
  linkType: hard

"@oxlint/binding-win32-arm64-msvc@npm:1.56.0":
  version: 1.56.0
  resolution: "@oxlint/binding-win32-arm64-msvc@npm:1.56.0"
  conditions: os=win32 & cpu=arm64
  languageName: node
  linkType: hard

"@oxlint/binding-win32-ia32-msvc@npm:1.56.0":
  version: 1.56.0
  resolution: "@oxlint/binding-win32-ia32-msvc@npm:1.56.0"
  conditions: os=win32 & cpu=ia32
  languageName: node
  linkType: hard

"@oxlint/binding-win32-x64-msvc@npm:1.56.0":
  version: 1.56.0
  resolution: "@oxlint/binding-win32-x64-msvc@npm:1.56.0"
  conditions: os=win32 & cpu=x64
  languageName: node
  linkType: hard

"debug@npm:^4.4.3":
  version: 4.4.3
  resolution: "debug@npm:4.4.3"
  dependencies:
    ms: "npm:^2.1.3"
  peerDependenciesMeta:
    supports-color:
      optional: true
  checksum: 10c0/d79136ec6c83ecbefd0f6a5593da6a9c91ec4d7ddc4b54c883d6e71ec9accb5f67a1a5e96d00a328196b5b5c86d365e98d8a3a70856aaf16b4e7b1985e67f5a6
  languageName: node
  linkType: hard

"ms@npm:^2.1.3":
  version: 2.1.3
  resolution: "ms@npm:2.1.3"
  checksum: 10c0/d924b57e7312b3b63ad21fc5b3dc0af5e78d61a1fc7cfb5457edaf26326bf62be5307cc87ffb6862ef1c2b33b0233cdb5d4f01c4c958cc0d660948b65a287a48
  languageName: node
  linkType: hard

"oxlint@npm:^1.56.0":
  version: 1.56.0
  resolution: "oxlint@npm:1.56.0"
  dependencies:
    "@oxlint/binding-android-arm-eabi": "npm:1.56.0"
    "@oxlint/binding-android-arm64": "npm:1.56.0"
    "@oxlint/binding-darwin-arm64": "npm:1.56.0"
    "@oxlint/binding-darwin-x64": "npm:1.56.0"
    "@oxlint/binding-freebsd-x64": "npm:1.56.0"
    "@oxlint/binding-linux-arm-gnueabihf": "npm:1.56.0"
    "@oxlint/binding-linux-arm-musleabihf": "npm:1.56.0"
    "@oxlint/binding-linux-arm64-gnu": "npm:1.56.0"
    "@oxlint/binding-linux-arm64-musl": "npm:1.56.0"
    "@oxlint/binding-linux-ppc64-gnu": "npm:1.56.0"
    "@oxlint/binding-linux-riscv64-gnu": "npm:1.56.0"
    "@oxlint/binding-linux-riscv64-musl": "npm:1.56.0"
    "@oxlint/binding-linux-s390x-gnu": "npm:1.56.0"
    "@oxlint/binding-linux-x64-gnu": "npm:1.56.0"
    "@oxlint/binding-linux-x64-musl": "npm:1.56.0"
    "@oxlint/binding-openharmony-arm64": "npm:1.56.0"
    "@oxlint/binding-win32-arm64-msvc": "npm:1.56.0"
    "@oxlint/binding-win32-ia32-msvc": "npm:1.56.0"
    "@oxlint/binding-win32-x64-msvc": "npm:1.56.0"
  peerDependencies:
    oxlint-tsgolint: ">=0.15.0"
  dependenciesMeta:
    "@oxlint/binding-android-arm-eabi":
      optional: true
    "@oxlint/binding-android-arm64":
      optional: true
    "@oxlint/binding-darwin-arm64":
      optional: true
    "@oxlint/binding-darwin-x64":
      optional: true
    "@oxlint/binding-freebsd-x64":
      optional: true
    "@oxlint/binding-linux-arm-gnueabihf":
      optional: true
    "@oxlint/binding-linux-arm-musleabihf":
      optional: true
    "@oxlint/binding-linux-arm64-gnu":
      optional: true
    "@oxlint/binding-linux-arm64-musl":
      optional: true
    "@oxlint/binding-linux-ppc64-gnu":
      optional: true
    "@oxlint/binding-linux-riscv64-gnu":
      optional: true
    "@oxlint/binding-linux-riscv64-musl":
      optional: true
    "@oxlint/binding-linux-s390x-gnu":
      optional: true
    "@oxlint/binding-linux-x64-gnu":
      optional: true
    "@oxlint/binding-linux-x64-musl":
      optional: true
    "@oxlint/binding-openharmony-arm64":
      optional: true
    "@oxlint/binding-win32-arm64-msvc":
      optional: true
    "@oxlint/binding-win32-ia32-msvc":
      optional: true
    "@oxlint/binding-win32-x64-msvc":
      optional: true
  peerDependenciesMeta:
    oxlint-tsgolint:
      optional: true
  bin:
    oxlint: bin/oxlint
  checksum: 10c0/0b95b03106619574244e0837b94730a988c3188a2d0137c07bcc85ee79cb11a3c64e46910b3bca8befce49459af58a503c7e2c26c6022cc11705cf6db787581c
  languageName: node
  linkType: hard

"rolldown-plugin-browserslist@file:../::locator=root-workspace-0b6124%40workspace%3A.":
  version: 1.0.0
  resolution: "rolldown-plugin-browserslist@file:../#../::hash=b18c35&locator=root-workspace-0b6124%40workspace%3A."
  dependencies:
    debug: "npm:^4.4.3"
    oxlint: "npm:^1.56.0"
    zod: "npm:^4.3.6"
  peerDependencies:
    browserslist: ^4.28.1
    rolldown: ^1.0.0-rc.9
  checksum: 10c0/ac33be9b686cab92ca88ee50b6aaa4605a321edc2c9c4468c0305854122024e5aa3b4ca06b50a38bc585176e85b71fe39c438220a05d69e87f2568d7c5865511
  languageName: node
  linkType: hard

"root-workspace-0b6124@workspace:.":
  version: 0.0.0-use.local
  resolution: "root-workspace-0b6124@workspace:."
  dependencies:
    rolldown-plugin-browserslist: ../
  languageName: unknown
  linkType: soft

"zod@npm:^4.3.6":
  version: 4.3.6
  resolution: "zod@npm:4.3.6"
  checksum: 10c0/860d25a81ab41d33aa25f8d0d07b091a04acb426e605f396227a796e9e800c44723ed96d0f53a512b57be3d1520f45bf69c0cb3b378a232a00787a2609625307
  languageName: node
  linkType: hard
